
Microsoft Visual Studio Solution File, Format Version 12.00
# Visual Studio Version 17
VisualStudioVersion = 17.10.35122.118
MinimumVisualStudioVersion = 10.0.40219.1
Project("{FAE04EC0-301F-11D3-BF4B-00C04F79EFBC}") = "DayBrightAPI", "DayBrightAPI\DayBrightAPI.csproj", "{90A6DF22-6C99-4EB6-98F9-3E58CB2D02E6}"
EndProject
Global
	GlobalSection(SolutionConfigurationPlatforms) = preSolution
		Debug|Any CPU = Debug|Any CPU
		Release|Any CPU = Release|Any CPU
	EndGlobalSection
	GlobalSection(ProjectConfigurationPlatforms) = postSolution
		{90A6DF22-6C99-4EB6-98F9-3E58CB2D02E6}.Debug|Any CPU.ActiveCfg = Debug|Any CPU
		{90A6DF22-6C99-4EB6-98F9-3E58CB2D02E6}.Debug|Any CPU.Build.0 = Debug|Any CPU
		{90A6DF22-6C99-4EB6-98F9-3E58CB2D02E6}.Release|Any CPU.ActiveCfg = Release|Any CPU
		{90A6DF22-6C99-4EB6-98F9-3E58CB2D02E6}.Release|Any CPU.Build.0 = Release|Any CPU
	EndGlobalSection
	GlobalSection(SolutionProperties) = preSolution
		HideSolutionNode = FALSE
	EndGlobalSection
	GlobalSection(ExtensibilityGlobals) = postSolution
		SolutionGuid = {41611070-2227-4B00-8292-24555AB9F41F}
	EndGlobalSection
EndGlobal
